{
  "name": "Projekt",
  "lockfileVersion": 2,
  "requires": true,
  "packages": {
    "": {
      "dependencies": {
        "@angular/forms": "^15.1.0",
        "@angular/platform-browser": "^15.1.0",
        "@nguniversal/module-map-ngfactory-loader": "^8.2.6"
      }
    },
    "node_modules/@angular/forms": {
      "version": "15.1.0",
      "resolved": "https://registry.npmjs.org/@angular/forms/-/forms-15.1.0.tgz",
      "integrity": "sha512-MUAbruJng0iG/cHhCkDNrh31Y54upgBUjjkE4DnoHv138Wa7vba+GMYv2tTrs4rPWnB9vPziZgI0xIi/oSGxzg==",
      "dependencies": {
        "tslib": "^2.3.0"
      },
      "engines": {
        "node": "^14.20.0 || ^16.13.0 || >=18.10.0"
      },
      "peerDependencies": {
        "@angular/common": "15.1.0",
        "@angular/core": "15.1.0",
        "@angular/platform-browser": "15.1.0",
        "rxjs": "^6.5.3 || ^7.4.0"
      }
    },
    "node_modules/@angular/platform-browser": {
      "version": "15.1.0",
      "resolved": "https://registry.npmjs.org/@angular/platform-browser/-/platform-browser-15.1.0.tgz",
      "integrity": "sha512-yuJweAR+rJhWWHM4Im3Iy6S4+W3OtcVHijcqrxfVxiA9ZHbDw/jpYDi06ZZIgfnNyGWi5/BzJbHvxH3b0lAo5Q==",
      "dependencies": {
        "tslib": "^2.3.0"
      },
      "engines": {
        "node": "^14.20.0 || ^16.13.0 || >=18.10.0"
      },
      "peerDependencies": {
        "@angular/animations": "15.1.0",
        "@angular/common": "15.1.0",
        "@angular/core": "15.1.0"
      },
      "peerDependenciesMeta": {
        "@angular/animations": {
          "optional": true
        }
      }
    },
    "node_modules/@nguniversal/module-map-ngfactory-loader": {
      "version": "8.2.6",
      "resolved": "https://registry.npmjs.org/@nguniversal/module-map-ngfactory-loader/-/module-map-ngfactory-loader-8.2.6.tgz",
      "integrity": "sha512-YcxXSrDZt6iDR+YbesJvprNpHd1nRLeThJwAFlcwvK/GVGSyKeWV6eqk3bRkBkgkw8OwaG/4lOQ4aofxQw+13w==",
      "deprecated": "The string form of `loadChildren` is deprecated, this package is part of its implementation and is no longer needed if not using string form lazy loading. See: https://angular.io/api/router/LoadChildren for more details.",
      "peerDependencies": {
        "@angular/common": "^8.2.0",
        "@angular/core": "^8.2.0",
        "@angular/platform-server": "^8.2.0"
      }
    },
    "node_modules/tslib": {
      "version": "2.4.1",
      "resolved": "https://registry.npmjs.org/tslib/-/tslib-2.4.1.tgz",
      "integrity": "sha512-tGyy4dAjRIEwI7BzsB0lynWgOpfqjUdq91XXAlIWD2OwKBH7oCl/GZG/HT4BOHrTlPMOASlMQ7veyTqpmRcrNA=="
    }
  },
  "dependencies": {
    "@angular/forms": {
      "version": "15.1.0",
      "resolved": "https://registry.npmjs.org/@angular/forms/-/forms-15.1.0.tgz",
      "integrity": "sha512-MUAbruJng0iG/cHhCkDNrh31Y54upgBUjjkE4DnoHv138Wa7vba+GMYv2tTrs4rPWnB9vPziZgI0xIi/oSGxzg==",
      "requires": {
        "tslib": "^2.3.0"
      }
    },
    "@angular/platform-browser": {
      "version": "15.1.0",
      "resolved": "https://registry.npmjs.org/@angular/platform-browser/-/platform-browser-15.1.0.tgz",
      "integrity": "sha512-yuJweAR+rJhWWHM4Im3Iy6S4+W3OtcVHijcqrxfVxiA9ZHbDw/jpYDi06ZZIgfnNyGWi5/BzJbHvxH3b0lAo5Q==",
      "requires": {
        "tslib": "^2.3.0"
      }
    },
    "@nguniversal/module-map-ngfactory-loader": {
      "version": "8.2.6",
      "resolved": "https://registry.npmjs.org/@nguniversal/module-map-ngfactory-loader/-/module-map-ngfactory-loader-8.2.6.tgz",
      "integrity": "sha512-YcxXSrDZt6iDR+YbesJvprNpHd1nRLeThJwAFlcwvK/GVGSyKeWV6eqk3bRkBkgkw8OwaG/4lOQ4aofxQw+13w=="
    },
    "tslib": {
      "version": "2.4.1",
      "resolved": "https://registry.npmjs.org/tslib/-/tslib-2.4.1.tgz",
      "integrity": "sha512-tGyy4dAjRIEwI7BzsB0lynWgOpfqjUdq91XXAlIWD2OwKBH7oCl/GZG/HT4BOHrTlPMOASlMQ7veyTqpmRcrNA=="
    }
  }
}
